
Microsoft Visual Studio Solution File, Format Version 12.00
# Visual Studio Version 17
VisualStudioVersion = 17.8.34525.116
MinimumVisualStudioVersion = 10.0.40219.1
Project("{FAE04EC0-301F-11D3-BF4B-00C04F79EFBC}") = "4ºSemestre-Tp09-PB", "4ºSemestre-Tp09-PB.csproj", "{D58E61A2-8C05-40B6-ACFB-4880586563C6}"
EndProject
Global
	GlobalSection(SolutionConfigurationPlatforms) = preSolution
		Debug|Any CPU = Debug|Any CPU
		Release|Any CPU = Release|Any CPU
	EndGlobalSection
	GlobalSection(ProjectConfigurationPlatforms) = postSolution
		{D58E61A2-8C05-40B6-ACFB-4880586563C6}.Debug|Any CPU.ActiveCfg = Debug|Any CPU
		{D58E61A2-8C05-40B6-ACFB-4880586563C6}.Debug|Any CPU.Build.0 = Debug|Any CPU
		{D58E61A2-8C05-40B6-ACFB-4880586563C6}.Release|Any CPU.ActiveCfg = Release|Any CPU
		{D58E61A2-8C05-40B6-ACFB-4880586563C6}.Release|Any CPU.Build.0 = Release|Any CPU
	EndGlobalSection
	GlobalSection(SolutionProperties) = preSolution
		HideSolutionNode = FALSE
	EndGlobalSection
	GlobalSection(ExtensibilityGlobals) = postSolution
		SolutionGuid = {B400E8D9-6082-47DF-B43F-039C2A829B5D}
	EndGlobalSection
EndGlobal
